
Microsoft Visual Studio Solution File, Format Version 12.00
# Visual Studio Version 17
VisualStudioVersion = 17.11.35208.52
MinimumVisualStudioVersion = 10.0.40219.1
Project("{FAE04EC0-301F-11D3-BF4B-00C04F79EFBC}") = "RazorMovies", "RazorLibrary\RazorMovies.csproj", "{DB3B4DC9-0037-44BE-B641-B15863DC131E}"
EndProject
Global
	GlobalSection(SolutionConfigurationPlatforms) = preSolution
		Debug|Any CPU = Debug|Any CPU
		Release|Any CPU = Release|Any CPU
	EndGlobalSection
	GlobalSection(ProjectConfigurationPlatforms) = postSolution
		{DB3B4DC9-0037-44BE-B641-B15863DC131E}.Debug|Any CPU.ActiveCfg = Debug|Any CPU
		{DB3B4DC9-0037-44BE-B641-B15863DC131E}.Debug|Any CPU.Build.0 = Debug|Any CPU
		{DB3B4DC9-0037-44BE-B641-B15863DC131E}.Release|Any CPU.ActiveCfg = Release|Any CPU
		{DB3B4DC9-0037-44BE-B641-B15863DC131E}.Release|Any CPU.Build.0 = Release|Any CPU
	EndGlobalSection
	GlobalSection(SolutionProperties) = preSolution
		HideSolutionNode = FALSE
	EndGlobalSection
	GlobalSection(ExtensibilityGlobals) = postSolution
		SolutionGuid = {BC1FB21A-1653-4083-B09A-E8FDF7A27984}
	EndGlobalSection
EndGlobal
